{
  "name": "setup-ts-project",
  "version": "0.0.0",
  "lockfileVersion": 3,
  "requires": true,
  "packages": {
    "": {
      "name": "setup-ts-project",
      "version": "0.0.0",
      "license": "MIT",
      "bin": {
        "setup-ts-project": "dist/index.js"
      },
      "devDependencies": {
        "prettier": "2.8.4",
        "prettier-config-one": "0.1.1"
      },
      "engines": {
        "node": ">=18"
      }
    },
    "node_modules/prettier": {
      "version": "2.8.4",
      "resolved": "https://registry.npmjs.org/prettier/-/prettier-2.8.4.tgz",
      "integrity": "sha512-vIS4Rlc2FNh0BySk3Wkd6xmwxB0FpOndW5fisM5H8hsZSxU2VWVB5CWIkIjWvrHjIhxk2g3bfMKM87zNTrZddw==",
      "dev": true,
      "bin": {
        "prettier": "bin-prettier.js"
      },
      "engines": {
        "node": ">=10.13.0"
      },
      "funding": {
        "url": "https://github.com/prettier/prettier?sponsor=1"
      }
    },
    "node_modules/prettier-config-one": {
      "version": "0.1.1",
      "resolved": "https://registry.npmjs.org/prettier-config-one/-/prettier-config-one-0.1.1.tgz",
      "integrity": "sha512-AmNOkYxU0D5BoTADO9k//hgR4G4oqiXDCxRvZvGtMaR4l7usJuB7O9WWq92rqI8IxhxodPJtY/GcFZXC7lbFAw==",
      "dev": true
    }
  }
}
